// !$*UTF8*$!
{
	archiveVersion = 1;
	classes = {
	};
	objectVersion = 50;
	objects = {

/* Begin PBXBuildFile section */
		6D7155DF216B640C00D82391 /* MsgInPackk.framework in Frameworks */ = {isa = PBXBuildFile; fileRef = 6D7155D5216B640B00D82391 /* MsgInPackk.framework */; };
		6D7155E6216B640C00D82391 /* MsgInPackk.h in Headers */ = {isa = PBXBuildFile; fileRef = 6D7155D8216B640B00D82391 /* MsgInPackk.h */; settings = {ATTRIBUTES = (Public, ); }; };
		6D7155F5216B646600D82391 /* UnkeyedDecodingContainer.swift in Sources */ = {isa = PBXBuildFile; fileRef = 6D7155F1216B646600D82391 /* UnkeyedDecodingContainer.swift */; };
		6D7155F6216B646600D82391 /* MessagePackDecoder.swift in Sources */ = {isa = PBXBuildFile; fileRef = 6D7155F2216B646600D82391 /* MessagePackDecoder.swift */; };
		6D7155F7216B646600D82391 /* SingleValueDecodingContainer.swift in Sources */ = {isa = PBXBuildFile; fileRef = 6D7155F3216B646600D82391 /* SingleValueDecodingContainer.swift */; };
		6D7155F8216B646600D82391 /* KeyedDecodingContainer.swift in Sources */ = {isa = PBXBuildFile; fileRef = 6D7155F4216B646600D82391 /* KeyedDecodingContainer.swift */; };
		6D7155FD216B647300D82391 /* UnkeyedEncodingContainer.swift in Sources */ = {isa = PBXBuildFile; fileRef = 6D7155F9216B647300D82391 /* UnkeyedEncodingContainer.swift */; };
		6D7155FE216B647300D82391 /* KeyedEncodingContainer.swift in Sources */ = {isa = PBXBuildFile; fileRef = 6D7155FA216B647300D82391 /* KeyedEncodingContainer.swift */; };
		6D7155FF216B647300D82391 /* MessagePackEncoder.swift in Sources */ = {isa = PBXBuildFile; fileRef = 6D7155FB216B647300D82391 /* MessagePackEncoder.swift */; };
		6D715600216B647300D82391 /* SingleValueEncodingContainer.swift in Sources */ = {isa = PBXBuildFile; fileRef = 6D7155FC216B647300D82391 /* SingleValueEncodingContainer.swift */; };
		6D715603216B648200D82391 /* FixedWidthInteger+Bytes.swift in Sources */ = {isa = PBXBuildFile; fileRef = 6D715601216B648200D82391 /* FixedWidthInteger+Bytes.swift */; };
		6D715604216B648200D82391 /* AnyCodingKey.swift in Sources */ = {isa = PBXBuildFile; fileRef = 6D715602216B648200D82391 /* AnyCodingKey.swift */; };
		6D715608216B69A700D82391 /* MessagePackEncoderTests.swift in Sources */ = {isa = PBXBuildFile; fileRef = 6D715607216B69A700D82391 /* MessagePackEncoderTests.swift */; };
		6D71560E216B928500D82391 /* UIImageExtension.swift in Sources */ = {isa = PBXBuildFile; fileRef = 6D71560D216B928500D82391 /* UIImageExtension.swift */; };
		6D715610216B951800D82391 /* .gitignore in Resources */ = {isa = PBXBuildFile; fileRef = 6D71560F216B951800D82391 /* .gitignore */; };
/* End PBXBuildFile section */

/* Begin PBXContainerItemProxy section */
		6D7155E0216B640C00D82391 /* PBXContainerItemProxy */ = {
			isa = PBXContainerItemProxy;
			containerPortal = 6D7155CC216B640B00D82391 /* Project object */;
			proxyType = 1;
			remoteGlobalIDString = 6D7155D4216B640B00D82391;
			remoteInfo = MsgInPackk;
		};
/* End PBXContainerItemProxy section */

/* Begin PBXFileReference section */
		6D7155D5216B640B00D82391 /* MsgInPackk.framework */ = {isa = PBXFileReference; explicitFileType = wrapper.framework; includeInIndex = 0; path = MsgInPackk.framework; sourceTree = BUILT_PRODUCTS_DIR; };
		6D7155D8216B640B00D82391 /* MsgInPackk.h */ = {isa = PBXFileReference; lastKnownFileType = sourcecode.c.h; path = MsgInPackk.h; sourceTree = "<group>"; };
		6D7155D9216B640B00D82391 /* Info.plist */ = {isa = PBXFileReference; lastKnownFileType = text.plist.xml; path = Info.plist; sourceTree = "<group>"; };
		6D7155DE216B640C00D82391 /* MsgInPackkTests.xctest */ = {isa = PBXFileReference; explicitFileType = wrapper.cfbundle; includeInIndex = 0; path = MsgInPackkTests.xctest; sourceTree = BUILT_PRODUCTS_DIR; };
		6D7155E5216B640C00D82391 /* Info.plist */ = {isa = PBXFileReference; lastKnownFileType = text.plist.xml; path = Info.plist; sourceTree = "<group>"; };
		6D7155F1216B646600D82391 /* UnkeyedDecodingContainer.swift */ = {isa = PBXFileReference; fileEncoding = 4; lastKnownFileType = sourcecode.swift; name = UnkeyedDecodingContainer.swift; path = ../../../../../../../Desktop/testMsgPack/testMsgPack/decoder/UnkeyedDecodingContainer.swift; sourceTree = "<group>"; };
		6D7155F2216B646600D82391 /* MessagePackDecoder.swift */ = {isa = PBXFileReference; fileEncoding = 4; lastKnownFileType = sourcecode.swift; name = MessagePackDecoder.swift; path = ../../../../../../../Desktop/testMsgPack/testMsgPack/decoder/MessagePackDecoder.swift; sourceTree = "<group>"; };
		6D7155F3216B646600D82391 /* SingleValueDecodingContainer.swift */ = {isa = PBXFileReference; fileEncoding = 4; lastKnownFileType = sourcecode.swift; name = SingleValueDecodingContainer.swift; path = ../../../../../../../Desktop/testMsgPack/testMsgPack/decoder/SingleValueDecodingContainer.swift; sourceTree = "<group>"; };
		6D7155F4216B646600D82391 /* KeyedDecodingContainer.swift */ = {isa = PBXFileReference; fileEncoding = 4; lastKnownFileType = sourcecode.swift; name = KeyedDecodingContainer.swift; path = ../../../../../../../Desktop/testMsgPack/testMsgPack/decoder/KeyedDecodingContainer.swift; sourceTree = "<group>"; };
		6D7155F9216B647300D82391 /* UnkeyedEncodingContainer.swift */ = {isa = PBXFileReference; fileEncoding = 4; lastKnownFileType = sourcecode.swift; name = UnkeyedEncodingContainer.swift; path = ../../../../../../../Desktop/testMsgPack/testMsgPack/encoder/UnkeyedEncodingContainer.swift; sourceTree = "<group>"; };
		6D7155FA216B647300D82391 /* KeyedEncodingContainer.swift */ = {isa = PBXFileReference; fileEncoding = 4; lastKnownFileType = sourcecode.swift; name = KeyedEncodingContainer.swift; path = ../../../../../../../Desktop/testMsgPack/testMsgPack/encoder/KeyedEncodingContainer.swift; sourceTree = "<group>"; };
		6D7155FB216B647300D82391 /* MessagePackEncoder.swift */ = {isa = PBXFileReference; fileEncoding = 4; lastKnownFileType = sourcecode.swift; name = MessagePackEncoder.swift; path = ../../../../../../../Desktop/testMsgPack/testMsgPack/encoder/MessagePackEncoder.swift; sourceTree = "<group>"; };
		6D7155FC216B647300D82391 /* SingleValueEncodingContainer.swift */ = {isa = PBXFileReference; fileEncoding = 4; lastKnownFileType = sourcecode.swift; name = SingleValueEncodingContainer.swift; path = ../../../../../../../Desktop/testMsgPack/testMsgPack/encoder/SingleValueEncodingContainer.swift; sourceTree = "<group>"; };
		6D715601216B648200D82391 /* FixedWidthInteger+Bytes.swift */ = {isa = PBXFileReference; fileEncoding = 4; lastKnownFileType = sourcecode.swift; name = "FixedWidthInteger+Bytes.swift"; path = "../../../../../../Desktop/testMsgPack/testMsgPack/FixedWidthInteger+Bytes.swift"; sourceTree = "<group>"; };
		6D715602216B648200D82391 /* AnyCodingKey.swift */ = {isa = PBXFileReference; fileEncoding = 4; lastKnownFileType = sourcecode.swift; name = AnyCodingKey.swift; path = ../../../../../../Desktop/testMsgPack/testMsgPack/AnyCodingKey.swift; sourceTree = "<group>"; };
		6D715607216B69A700D82391 /* MessagePackEncoderTests.swift */ = {isa = PBXFileReference; lastKnownFileType = sourcecode.swift; path = MessagePackEncoderTests.swift; sourceTree = "<group>"; };
		6D71560D216B928500D82391 /* UIImageExtension.swift */ = {isa = PBXFileReference; lastKnownFileType = sourcecode.swift; path = UIImageExtension.swift; sourceTree = "<group>"; };
		6D71560F216B951800D82391 /* .gitignore */ = {isa = PBXFileReference; lastKnownFileType = text; path = .gitignore; sourceTree = "<group>"; };
/* End PBXFileReference section */

/* Begin PBXFrameworksBuildPhase section */
		6D7155D2216B640B00D82391 /* Frameworks */ = {
			isa = PBXFrameworksBuildPhase;
			buildActionMask = 2147483647;
			files = (
			);
			runOnlyForDeploymentPostprocessing = 0;
		};
		6D7155DB216B640C00D82391 /* Frameworks */ = {
			isa = PBXFrameworksBuildPhase;
			buildActionMask = 2147483647;
			files = (
				6D7155DF216B640C00D82391 /* MsgInPackk.framework in Frameworks */,
			);
			runOnlyForDeploymentPostprocessing = 0;
		};
/* End PBXFrameworksBuildPhase section */

/* Begin PBXGroup section */
		6D7155CB216B640B00D82391 = {
			isa = PBXGroup;
			children = (
				6D71560F216B951800D82391 /* .gitignore */,
				6D7155D7216B640B00D82391 /* MsgInPackk */,
				6D7155E2216B640C00D82391 /* MsgInPackkTests */,
				6D7155D6216B640B00D82391 /* Products */,
			);
			sourceTree = "<group>";
		};
		6D7155D6216B640B00D82391 /* Products */ = {
			isa = PBXGroup;
			children = (
				6D7155D5216B640B00D82391 /* MsgInPackk.framework */,
				6D7155DE216B640C00D82391 /* MsgInPackkTests.xctest */,
			);
			name = Products;
			sourceTree = "<group>";
		};
		6D7155D7216B640B00D82391 /* MsgInPackk */ = {
			isa = PBXGroup;
			children = (
				6D715602216B648200D82391 /* AnyCodingKey.swift */,
				6D715601216B648200D82391 /* FixedWidthInteger+Bytes.swift */,
				6D7155F0216B644600D82391 /* Encoder */,
				6D7155EF216B643F00D82391 /* Decoder */,
				6D7155D8216B640B00D82391 /* MsgInPackk.h */,
				6D7155D9216B640B00D82391 /* Info.plist */,
			);
			path = MsgInPackk;
			sourceTree = "<group>";
		};
		6D7155E2216B640C00D82391 /* MsgInPackkTests */ = {
			isa = PBXGroup;
			children = (
				6D7155E5216B640C00D82391 /* Info.plist */,
				6D715607216B69A700D82391 /* MessagePackEncoderTests.swift */,
				6D71560D216B928500D82391 /* UIImageExtension.swift */,
			);
			path = MsgInPackkTests;
			sourceTree = "<group>";
		};
		6D7155EF216B643F00D82391 /* Decoder */ = {
			isa = PBXGroup;
			children = (
				6D7155F4216B646600D82391 /* KeyedDecodingContainer.swift */,
				6D7155F2216B646600D82391 /* MessagePackDecoder.swift */,
				6D7155F3216B646600D82391 /* SingleValueDecodingContainer.swift */,
				6D7155F1216B646600D82391 /* UnkeyedDecodingContainer.swift */,
			);
			path = Decoder;
			sourceTree = "<group>";
		};
		6D7155F0216B644600D82391 /* Encoder */ = {
			isa = PBXGroup;
			children = (
				6D7155FA216B647300D82391 /* KeyedEncodingContainer.swift */,
				6D7155FB216B647300D82391 /* MessagePackEncoder.swift */,
				6D7155FC216B647300D82391 /* SingleValueEncodingContainer.swift */,
				6D7155F9216B647300D82391 /* UnkeyedEncodingContainer.swift */,
			);
			path = Encoder;
			sourceTree = "<group>";
		};
/* End PBXGroup section */

/* Begin PBXHeadersBuildPhase section */
		6D7155D0216B640B00D82391 /* Headers */ = {
			isa = PBXHeadersBuildPhase;
			buildActionMask = 2147483647;
			files = (
				6D7155E6216B640C00D82391 /* MsgInPackk.h in Headers */,
			);
			runOnlyForDeploymentPostprocessing = 0;
		};
/* End PBXHeadersBuildPhase section */

/* Begin PBXNativeTarget section */
		6D7155D4216B640B00D82391 /* MsgInPackk */ = {
			isa = PBXNativeTarget;
			buildConfigurationList = 6D7155E9216B640C00D82391 /* Build configuration list for PBXNativeTarget "MsgInPackk" */;
			buildPhases = (
				6D7155D0216B640B00D82391 /* Headers */,
				6D7155D1216B640B00D82391 /* Sources */,
				6D7155D2216B640B00D82391 /* Frameworks */,
				6D7155D3216B640B00D82391 /* Resources */,
			);
			buildRules = (
			);
			dependencies = (
			);
			name = MsgInPackk;
			productName = MsgInPackk;
			productReference = 6D7155D5216B640B00D82391 /* MsgInPackk.framework */;
			productType = "com.apple.product-type.framework";
		};
		6D7155DD216B640C00D82391 /* MsgInPackkTests */ = {
			isa = PBXNativeTarget;
			buildConfigurationList = 6D7155EC216B640C00D82391 /* Build configuration list for PBXNativeTarget "MsgInPackkTests" */;
			buildPhases = (
				6D7155DA216B640C00D82391 /* Sources */,
				6D7155DB216B640C00D82391 /* Frameworks */,
				6D7155DC216B640C00D82391 /* Resources */,
			);
			buildRules = (
			);
			dependencies = (
				6D7155E1216B640C00D82391 /* PBXTargetDependency */,
			);
			name = MsgInPackkTests;
			productName = MsgInPackkTests;
			productReference = 6D7155DE216B640C00D82391 /* MsgInPackkTests.xctest */;
			productType = "com.apple.product-type.bundle.unit-test";
		};
/* End PBXNativeTarget section */

/* Begin PBXProject section */
		6D7155CC216B640B00D82391 /* Project object */ = {
			isa = PBXProject;
			attributes = {
				LastSwiftUpdateCheck = 1010;
				LastUpgradeCheck = 1010;
				ORGANIZATIONNAME = "Enrico Secondulfo";
				TargetAttributes = {
					6D7155D4216B640B00D82391 = {
						CreatedOnToolsVersion = 10.1;
						LastSwiftMigration = 1010;
					};
					6D7155DD216B640C00D82391 = {
						CreatedOnToolsVersion = 10.1;
					};
				};
			};
			buildConfigurationList = 6D7155CF216B640B00D82391 /* Build configuration list for PBXProject "MsgInPackk" */;
			compatibilityVersion = "Xcode 9.3";
			developmentRegion = en;
			hasScannedForEncodings = 0;
			knownRegions = (
				en,
			);
			mainGroup = 6D7155CB216B640B00D82391;
			productRefGroup = 6D7155D6216B640B00D82391 /* Products */;
			projectDirPath = "";
			projectRoot = "";
			targets = (
				6D7155D4216B640B00D82391 /* MsgInPackk */,
				6D7155DD216B640C00D82391 /* MsgInPackkTests */,
			);
		};
/* End PBXProject section */

/* Begin PBXResourcesBuildPhase section */
		6D7155D3216B640B00D82391 /* Resources */ = {
			isa = PBXResourcesBuildPhase;
			buildActionMask = 2147483647;
			files = (
			);
			runOnlyForDeploymentPostprocessing = 0;
		};
		6D7155DC216B640C00D82391 /* Resources */ = {
			isa = PBXResourcesBuildPhase;
			buildActionMask = 2147483647;
			files = (
				6D715610216B951800D82391 /* .gitignore in Resources */,
			);
			runOnlyForDeploymentPostprocessing = 0;
		};
/* End PBXResourcesBuildPhase section */

/* Begin PBXSourcesBuildPhase section */
		6D7155D1216B640B00D82391 /* Sources */ = {
			isa = PBXSourcesBuildPhase;
			buildActionMask = 2147483647;
			files = (
				6D715604216B648200D82391 /* AnyCodingKey.swift in Sources */,
				6D7155F5216B646600D82391 /* UnkeyedDecodingContainer.swift in Sources */,
				6D7155F8216B646600D82391 /* KeyedDecodingContainer.swift in Sources */,
				6D7155FF216B647300D82391 /* MessagePackEncoder.swift in Sources */,
				6D7155F6216B646600D82391 /* MessagePackDecoder.swift in Sources */,
				6D7155FD216B647300D82391 /* UnkeyedEncodingContainer.swift in Sources */,
				6D7155F7216B646600D82391 /* SingleValueDecodingContainer.swift in Sources */,
				6D715600216B647300D82391 /* SingleValueEncodingContainer.swift in Sources */,
				6D7155FE216B647300D82391 /* KeyedEncodingContainer.swift in Sources */,
				6D715603216B648200D82391 /* FixedWidthInteger+Bytes.swift in Sources */,
			);
			runOnlyForDeploymentPostprocessing = 0;
		};
		6D7155DA216B640C00D82391 /* Sources */ = {
			isa = PBXSourcesBuildPhase;
			buildActionMask = 2147483647;
			files = (
				6D71560E216B928500D82391 /* UIImageExtension.swift in Sources */,
				6D715608216B69A700D82391 /* MessagePackEncoderTests.swift in Sources */,
			);
			runOnlyForDeploymentPostprocessing = 0;
		};
/* End PBXSourcesBuildPhase section */

/* Begin PBXTargetDependency section */
		6D7155E1216B640C00D82391 /* PBXTargetDependency */ = {
			isa = PBXTargetDependency;
			target = 6D7155D4216B640B00D82391 /* MsgInPackk */;
			targetProxy = 6D7155E0216B640C00D82391 /* PBXContainerItemProxy */;
		};
/* End PBXTargetDependency section */

/* Begin XCBuildConfiguration section */
		6D7155E7216B640C00D82391 /* Debug */ = {
			isa = XCBuildConfiguration;
			buildSettings = {
				ALWAYS_SEARCH_USER_PATHS = NO;
				CLANG_ANALYZER_NONNULL = YES;
				CLANG_ANALYZER_NUMBER_OBJECT_CONVERSION = YES_AGGRESSIVE;
				CLANG_CXX_LANGUAGE_STANDARD = "gnu++14";
				CLANG_CXX_LIBRARY = "libc++";
				CLANG_ENABLE_MODULES = YES;
				CLANG_ENABLE_OBJC_ARC = YES;
				CLANG_ENABLE_OBJC_WEAK = YES;
				CLANG_WARN_BLOCK_CAPTURE_AUTORELEASING = YES;
				CLANG_WARN_BOOL_CONVERSION = YES;
				CLANG_WARN_COMMA = YES;
				CLANG_WARN_CONSTANT_CONVERSION = YES;
				CLANG_WARN_DEPRECATED_OBJC_IMPLEMENTATIONS = YES;
				CLANG_WARN_DIRECT_OBJC_ISA_USAGE = YES_ERROR;
				CLANG_WARN_DOCUMENTATION_COMMENTS = YES;
				CLANG_WARN_EMPTY_BODY = YES;
				CLANG_WARN_ENUM_CONVERSION = YES;
				CLANG_WARN_INFINITE_RECURSION = YES;
				CLANG_WARN_INT_CONVERSION = YES;
				CLANG_WARN_NON_LITERAL_NULL_CONVERSION = YES;
				CLANG_WARN_OBJC_IMPLICIT_RETAIN_SELF = YES;
				CLANG_WARN_OBJC_LITERAL_CONVERSION = YES;
				CLANG_WARN_OBJC_ROOT_CLASS = YES_ERROR;
				CLANG_WARN_RANGE_LOOP_ANALYSIS = YES;
				CLANG_WARN_STRICT_PROTOTYPES = YES;
				CLANG_WARN_SUSPICIOUS_MOVE = YES;
				CLANG_WARN_UNGUARDED_AVAILABILITY = YES_AGGRESSIVE;
				CLANG_WARN_UNREACHABLE_CODE = YES;
				CLANG_WARN__DUPLICATE_METHOD_MATCH = YES;
				CODE_SIGN_IDENTITY = "iPhone Developer";
				COPY_PHASE_STRIP = NO;
				CURRENT_PROJECT_VERSION = 1;
				DEBUG_INFORMATION_FORMAT = dwarf;
				ENABLE_STRICT_OBJC_MSGSEND = YES;
				ENABLE_TESTABILITY = YES;
				GCC_C_LANGUAGE_STANDARD = gnu11;
				GCC_DYNAMIC_NO_PIC = NO;
				GCC_NO_COMMON_BLOCKS = YES;
				GCC_OPTIMIZATION_LEVEL = 0;
				GCC_PREPROCESSOR_DEFINITIONS = (
					"DEBUG=1",
					"$(inherited)",
				);
				GCC_WARN_64_TO_32_BIT_CONVERSION = YES;
				GCC_WARN_ABOUT_RETURN_TYPE = YES_ERROR;
				GCC_WARN_UNDECLARED_SELECTOR = YES;
				GCC_WARN_UNINITIALIZED_AUTOS = YES_AGGRESSIVE;
				GCC_WARN_UNUSED_FUNCTION = YES;
				GCC_WARN_UNUSED_VARIABLE = YES;
				IPHONEOS_DEPLOYMENT_TARGET = 12.1;
				MTL_ENABLE_DEBUG_INFO = INCLUDE_SOURCE;
				MTL_FAST_MATH = YES;
				ONLY_ACTIVE_ARCH = YES;
				SDKROOT = iphoneos;
				SWIFT_ACTIVE_COMPILATION_CONDITIONS = DEBUG;
				SWIFT_OPTIMIZATION_LEVEL = "-Onone";
				VERSIONING_SYSTEM = "apple-generic";
				VERSION_INFO_PREFIX = "";
			};
			name = Debug;
		};
		6D7155E8216B640C00D82391 /* Release */ = {
			isa = XCBuildConfiguration;
			buildSettings = {
				ALWAYS_SEARCH_USER_PATHS = NO;
				CLANG_ANALYZER_NONNULL = YES;
				CLANG_ANALYZER_NUMBER_OBJECT_CONVERSION = YES_AGGRESSIVE;
				CLANG_CXX_LANGUAGE_STANDARD = "gnu++14";
				CLANG_CXX_LIBRARY = "libc++";
				CLANG_ENABLE_MODULES = YES;
				CLANG_ENABLE_OBJC_ARC = YES;
				CLANG_ENABLE_OBJC_WEAK = YES;
				CLANG_WARN_BLOCK_CAPTURE_AUTORELEASING = YES;
				CLANG_WARN_BOOL_CONVERSION = YES;
				CLANG_WARN_COMMA = YES;
				CLANG_WARN_CONSTANT_CONVERSION = YES;
				CLANG_WARN_DEPRECATED_OBJC_IMPLEMENTATIONS = YES;
				CLANG_WARN_DIRECT_OBJC_ISA_USAGE = YES_ERROR;
				CLANG_WARN_DOCUMENTATION_COMMENTS = YES;
				CLANG_WARN_EMPTY_BODY = YES;
				CLANG_WARN_ENUM_CONVERSION = YES;
				CLANG_WARN_INFINITE_RECURSION = YES;
				CLANG_WARN_INT_CONVERSION = YES;
				CLANG_WARN_NON_LITERAL_NULL_CONVERSION = YES;
				CLANG_WARN_OBJC_IMPLICIT_RETAIN_SELF = YES;
				CLANG_WARN_OBJC_LITERAL_CONVERSION = YES;
				CLANG_WARN_OBJC_ROOT_CLASS = YES_ERROR;
				CLANG_WARN_RANGE_LOOP_ANALYSIS = YES;
				CLANG_WARN_STRICT_PROTOTYPES = YES;
				CLANG_WARN_SUSPICIOUS_MOVE = YES;
				CLANG_WARN_UNGUARDED_AVAILABILITY = YES_AGGRESSIVE;
				CLANG_WARN_UNREACHABLE_CODE = YES;
				CLANG_WARN__DUPLICATE_METHOD_MATCH = YES;
				CODE_SIGN_IDENTITY = "iPhone Developer";
				COPY_PHASE_STRIP = NO;
				CURRENT_PROJECT_VERSION = 1;
				DEBUG_INFORMATION_FORMAT = "dwarf-with-dsym";
				ENABLE_NS_ASSERTIONS = NO;
				ENABLE_STRICT_OBJC_MSGSEND = YES;
				GCC_C_LANGUAGE_STANDARD = gnu11;
				GCC_NO_COMMON_BLOCKS = YES;
				GCC_WARN_64_TO_32_BIT_CONVERSION = YES;
				GCC_WARN_ABOUT_RETURN_TYPE = YES_ERROR;
				GCC_WARN_UNDECLARED_SELECTOR = YES;
				GCC_WARN_UNINITIALIZED_AUTOS = YES_AGGRESSIVE;
				GCC_WARN_UNUSED_FUNCTION = YES;
				GCC_WARN_UNUSED_VARIABLE = YES;
				IPHONEOS_DEPLOYMENT_TARGET = 12.1;
				MTL_ENABLE_DEBUG_INFO = NO;
				MTL_FAST_MATH = YES;
				SDKROOT = iphoneos;
				SWIFT_COMPILATION_MODE = wholemodule;
				SWIFT_OPTIMIZATION_LEVEL = "-O";
				VALIDATE_PRODUCT = YES;
				VERSIONING_SYSTEM = "apple-generic";
				VERSION_INFO_PREFIX = "";
			};
			name = Release;
		};
		6D7155EA216B640C00D82391 /* Debug */ = {
			isa = XCBuildConfiguration;
			buildSettings = {
				CLANG_ENABLE_MODULES = YES;
				CODE_SIGN_IDENTITY = "";
				CODE_SIGN_STYLE = Automatic;
				DEFINES_MODULE = YES;
				DEVELOPMENT_TEAM = 658Z86GMMJ;
				DYLIB_COMPATIBILITY_VERSION = 1;
				DYLIB_CURRENT_VERSION = 1;
				DYLIB_INSTALL_NAME_BASE = "@rpath";
				INFOPLIST_FILE = MsgInPackk/Info.plist;
				INSTALL_PATH = "$(LOCAL_LIBRARY_DIR)/Frameworks";
				IPHONEOS_DEPLOYMENT_TARGET = 11.0;
				LD_RUNPATH_SEARCH_PATHS = (
					"$(inherited)",
					"@executable_path/Frameworks",
					"@loader_path/Frameworks",
				);
				PRODUCT_BUNDLE_IDENTIFIER = it.enjoy.MsgInPackk;
				PRODUCT_NAME = "$(TARGET_NAME:c99extidentifier)";
				SKIP_INSTALL = YES;
				SWIFT_OPTIMIZATION_LEVEL = "-Onone";
				SWIFT_VERSION = 4.2;
				TARGETED_DEVICE_FAMILY = "1,2";
			};
			name = Debug;
		};
		6D7155EB216B640C00D82391 /* Release */ = {
			isa = XCBuildConfiguration;
			buildSettings = {
				CLANG_ENABLE_MODULES = YES;
				CODE_SIGN_IDENTITY = "";
				CODE_SIGN_STYLE = Automatic;
				DEFINES_MODULE = YES;
				DEVELOPMENT_TEAM = 658Z86GMMJ;
				DYLIB_COMPATIBILITY_VERSION = 1;
				DYLIB_CURRENT_VERSION = 1;
				DYLIB_INSTALL_NAME_BASE = "@rpath";
				INFOPLIST_FILE = MsgInPackk/Info.plist;
				INSTALL_PATH = "$(LOCAL_LIBRARY_DIR)/Frameworks";
				IPHONEOS_DEPLOYMENT_TARGET = 11.0;
				LD_RUNPATH_SEARCH_PATHS = (
					"$(inherited)",
					"@executable_path/Frameworks",
					"@loader_path/Frameworks",
				);
				PRODUCT_BUNDLE_IDENTIFIER = it.enjoy.MsgInPackk;
				PRODUCT_NAME = "$(TARGET_NAME:c99extidentifier)";
				SKIP_INSTALL = YES;
				SWIFT_VERSION = 4.2;
				TARGETED_DEVICE_FAMILY = "1,2";
			};
			name = Release;
		};
		6D7155ED216B640C00D82391 /* Debug */ = {
			isa = XCBuildConfiguration;
			buildSettings = {
				ALWAYS_EMBED_SWIFT_STANDARD_LIBRARIES = YES;
				CODE_SIGN_STYLE = Automatic;
				DEVELOPMENT_TEAM = 658Z86GMMJ;
				INFOPLIST_FILE = MsgInPackkTests/Info.plist;
				LD_RUNPATH_SEARCH_PATHS = (
					"$(inherited)",
					"@executable_path/Frameworks",
					"@loader_path/Frameworks",
				);
				PRODUCT_BUNDLE_IDENTIFIER = it.enjoy.MsgInPackkTests;
				PRODUCT_NAME = "$(TARGET_NAME)";
				SWIFT_VERSION = 4.2;
				TARGETED_DEVICE_FAMILY = "1,2";
			};
			name = Debug;
		};
		6D7155EE216B640C00D82391 /* Release */ = {
			isa = XCBuildConfiguration;
			buildSettings = {
				ALWAYS_EMBED_SWIFT_STANDARD_LIBRARIES = YES;
				CODE_SIGN_STYLE = Automatic;
				DEVELOPMENT_TEAM = 658Z86GMMJ;
				INFOPLIST_FILE = MsgInPackkTests/Info.plist;
				LD_RUNPATH_SEARCH_PATHS = (
					"$(inherited)",
					"@executable_path/Frameworks",
					"@loader_path/Frameworks",
				);
				PRODUCT_BUNDLE_IDENTIFIER = it.enjoy.MsgInPackkTests;
				PRODUCT_NAME = "$(TARGET_NAME)";
				SWIFT_VERSION = 4.2;
				TARGETED_DEVICE_FAMILY = "1,2";
			};
			name = Release;
		};
/* End XCBuildConfiguration section */

/* Begin XCConfigurationList section */
		6D7155CF216B640B00D82391 /* Build configuration list for PBXProject "MsgInPackk" */ = {
			isa = XCConfigurationList;
			buildConfigurations = (
				6D7155E7216B640C00D82391 /* Debug */,
				6D7155E8216B640C00D82391 /* Release */,
			);
			defaultConfigurationIsVisible = 0;
			defaultConfigurationName = Release;
		};
		6D7155E9216B640C00D82391 /* Build configuration list for PBXNativeTarget "MsgInPackk" */ = {
			isa = XCConfigurationList;
			buildConfigurations = (
				6D7155EA216B640C00D82391 /* Debug */,
				6D7155EB216B640C00D82391 /* Release */,
			);
			defaultConfigurationIsVisible = 0;
			defaultConfigurationName = Release;
		};
		6D7155EC216B640C00D82391 /* Build configuration list for PBXNativeTarget "MsgInPackkTests" */ = {
			isa = XCConfigurationList;
			buildConfigurations = (
				6D7155ED216B640C00D82391 /* Debug */,
				6D7155EE216B640C00D82391 /* Release */,
			);
			defaultConfigurationIsVisible = 0;
			defaultConfigurationName = Release;
		};
/* End XCConfigurationList section */
	};
	rootObject = 6D7155CC216B640B00D82391 /* Project object */;
}
